
Microsoft Visual Studio Solution File, Format Version 12.00
# Visual Studio Version 17
VisualStudioVersion = 17.7.34221.43
MinimumVisualStudioVersion = 10.0.40219.1
Project("{FAE04EC0-301F-11D3-BF4B-00C04F79EFBC}") = "DataExtractor", "DataExtractor\DataExtractor.csproj", "{4FB482CE-610E-4BFF-AA71-A2D76F741754}"
EndProject
Global
	GlobalSection(SolutionConfigurationPlatforms) = preSolution
		Debug|Any CPU = Debug|Any CPU
		Release|Any CPU = Release|Any CPU
	EndGlobalSection
	GlobalSection(ProjectConfigurationPlatforms) = postSolution
		{4FB482CE-610E-4BFF-AA71-A2D76F741754}.Debug|Any CPU.ActiveCfg = Debug|Any CPU
		{4FB482CE-610E-4BFF-AA71-A2D76F741754}.Debug|Any CPU.Build.0 = Debug|Any CPU
		{4FB482CE-610E-4BFF-AA71-A2D76F741754}.Release|Any CPU.ActiveCfg = Release|Any CPU
		{4FB482CE-610E-4BFF-AA71-A2D76F741754}.Release|Any CPU.Build.0 = Release|Any CPU
	EndGlobalSection
	GlobalSection(SolutionProperties) = preSolution
		HideSolutionNode = FALSE
	EndGlobalSection
	GlobalSection(ExtensibilityGlobals) = postSolution
		SolutionGuid = {92050AE7-3DFE-4CCD-A7E0-94F3F5BBEE77}
	EndGlobalSection
EndGlobal
